
Microsoft Visual Studio Solution File, Format Version 12.00
# Visual Studio Version 17
VisualStudioVersion = 17.4.33122.133
MinimumVisualStudioVersion = 10.0.40219.1
Project("{FAE04EC0-301F-11D3-BF4B-00C04F79EFBC}") = "FinalProjectGarden", "FinalProjectGarden.csproj", "{FB420BEA-E331-44E3-839E-96E16B6A0E54}"
EndProject
Global
	GlobalSection(SolutionConfigurationPlatforms) = preSolution
		Debug|Any CPU = Debug|Any CPU
		Release|Any CPU = Release|Any CPU
	EndGlobalSection
	GlobalSection(ProjectConfigurationPlatforms) = postSolution
		{FB420BEA-E331-44E3-839E-96E16B6A0E54}.Debug|Any CPU.ActiveCfg = Debug|Any CPU
		{FB420BEA-E331-44E3-839E-96E16B6A0E54}.Debug|Any CPU.Build.0 = Debug|Any CPU
		{FB420BEA-E331-44E3-839E-96E16B6A0E54}.Release|Any CPU.ActiveCfg = Release|Any CPU
		{FB420BEA-E331-44E3-839E-96E16B6A0E54}.Release|Any CPU.Build.0 = Release|Any CPU
	EndGlobalSection
	GlobalSection(SolutionProperties) = preSolution
		HideSolutionNode = FALSE
	EndGlobalSection
	GlobalSection(ExtensibilityGlobals) = postSolution
		SolutionGuid = {1E225B23-B634-4119-B628-E10F0CA685E9}
	EndGlobalSection
EndGlobal
